
Microsoft Visual Studio Solution File, Format Version 12.00
# Visual Studio Version 17
VisualStudioVersion = 17.9.34728.123
MinimumVisualStudioVersion = 10.0.40219.1
Project("{FAE04EC0-301F-11D3-BF4B-00C04F79EFBC}") = "CurrencyConverter", "CurrencyConverter.csproj", "{3E9F2B04-6275-4D02-9842-0F1D06475EAA}"
EndProject
Global
	GlobalSection(SolutionConfigurationPlatforms) = preSolution
		Debug|Any CPU = Debug|Any CPU
		Release|Any CPU = Release|Any CPU
	EndGlobalSection
	GlobalSection(ProjectConfigurationPlatforms) = postSolution
		{3E9F2B04-6275-4D02-9842-0F1D06475EAA}.Debug|Any CPU.ActiveCfg = Debug|Any CPU
		{3E9F2B04-6275-4D02-9842-0F1D06475EAA}.Debug|Any CPU.Build.0 = Debug|Any CPU
		{3E9F2B04-6275-4D02-9842-0F1D06475EAA}.Release|Any CPU.ActiveCfg = Release|Any CPU
		{3E9F2B04-6275-4D02-9842-0F1D06475EAA}.Release|Any CPU.Build.0 = Release|Any CPU
	EndGlobalSection
	GlobalSection(SolutionProperties) = preSolution
		HideSolutionNode = FALSE
	EndGlobalSection
	GlobalSection(ExtensibilityGlobals) = postSolution
		SolutionGuid = {2FA6EAEB-EC4D-4FAF-AF96-29E71F899252}
	EndGlobalSection
EndGlobal
